{
  "version": "v1",
  "packages": {
    "webdriverio": {
      "signature": "e9cb57d6a2b63e71f3ba4ffc461c9e3a",
      "file": true,
      "replaced": "^9.30.1"
    },
    "@wdio/mocha-framework": {
      "signature": "f5e7cba226f4b49b46c10b249e62cdce",
      "file": true
    },
    "@wdio/types": {
      "signature": "50e851f7bb48646e024ff160043f8831",
      "file": true,
      "replaced": "^9.30.1"
    },
    "@wdio/utils": {
      "signature": "e822b7e6883d5dca53969c00f72d4a18",
      "file": true
    }
  }
}